// !$*UTF8*$!
{
	archiveVersion = 1;
	classes = {
	};
	objectVersion = 46;
	objects = {

/* Begin PBXBuildFile section */
		E32446C91CCDB9C0005296E1 /* UsersTableViewCell.swift in Sources */ = {isa = PBXBuildFile; fileRef = E32446C81CCDB9C0005296E1 /* UsersTableViewCell.swift */; };
		E32446CB1CCDBF11005296E1 /* SamplesViewController.storyboard in Resources */ = {isa = PBXBuildFile; fileRef = E32446CA1CCDBF11005296E1 /* SamplesViewController.storyboard */; };
		E32446CD1CCDBF81005296E1 /* SamplesViewController.swift in Sources */ = {isa = PBXBuildFile; fileRef = E32446CC1CCDBF81005296E1 /* SamplesViewController.swift */; };
		E331B84D1CCA092F001E9F0F /* AppDelegate.swift in Sources */ = {isa = PBXBuildFile; fileRef = E331B84C1CCA092F001E9F0F /* AppDelegate.swift */; };
		E331B8521CCA092F001E9F0F /* UserViewController.storyboard in Resources */ = {isa = PBXBuildFile; fileRef = E331B8501CCA092F001E9F0F /* UserViewController.storyboard */; };
		E331B8541CCA092F001E9F0F /* Assets.xcassets in Resources */ = {isa = PBXBuildFile; fileRef = E331B8531CCA092F001E9F0F /* Assets.xcassets */; };
		E331B8571CCA092F001E9F0F /* LaunchScreen.storyboard in Resources */ = {isa = PBXBuildFile; fileRef = E331B8551CCA092F001E9F0F /* LaunchScreen.storyboard */; };
		E331B8621CCA092F001E9F0F /* MVVMBasicSampleTests.swift in Sources */ = {isa = PBXBuildFile; fileRef = E331B8611CCA092F001E9F0F /* MVVMBasicSampleTests.swift */; };
		E331B86D1CCA092F001E9F0F /* MVVMBasicSampleUITests.swift in Sources */ = {isa = PBXBuildFile; fileRef = E331B86C1CCA092F001E9F0F /* MVVMBasicSampleUITests.swift */; };
		E331B87B1CCA0A21001E9F0F /* UserViewController.swift in Sources */ = {isa = PBXBuildFile; fileRef = E331B87A1CCA0A21001E9F0F /* UserViewController.swift */; };
		E331B87D1CCA0AF4001E9F0F /* User.swift in Sources */ = {isa = PBXBuildFile; fileRef = E331B87C1CCA0AF4001E9F0F /* User.swift */; };
		E331B87F1CCA0AFC001E9F0F /* UserViewModel.swift in Sources */ = {isa = PBXBuildFile; fileRef = E331B87E1CCA0AFC001E9F0F /* UserViewModel.swift */; };
		E331B8861CCA1351001E9F0F /* UsersViewController.storyboard in Resources */ = {isa = PBXBuildFile; fileRef = E331B8851CCA1351001E9F0F /* UsersViewController.storyboard */; };
		E331B8881CCA1381001E9F0F /* UsersViewController.swift in Sources */ = {isa = PBXBuildFile; fileRef = E331B8871CCA1381001E9F0F /* UsersViewController.swift */; };
		E331B88A1CCA1391001E9F0F /* UsersTableViewDataSource.swift in Sources */ = {isa = PBXBuildFile; fileRef = E331B8891CCA1391001E9F0F /* UsersTableViewDataSource.swift */; };
		E331B88C1CCA13CD001E9F0F /* UsersTableCellModel.swift in Sources */ = {isa = PBXBuildFile; fileRef = E331B88B1CCA13CD001E9F0F /* UsersTableCellModel.swift */; };
		E331B88E1CCA143B001E9F0F /* UsersViewModel.swift in Sources */ = {isa = PBXBuildFile; fileRef = E331B88D1CCA143B001E9F0F /* UsersViewModel.swift */; };
		E364FFE01CCDE59F0070651A /* ReactiveCocoa.framework in Frameworks */ = {isa = PBXBuildFile; fileRef = E364FFDF1CCDE59F0070651A /* ReactiveCocoa.framework */; };
		E364FFE21CCDE5A20070651A /* Result.framework in Frameworks */ = {isa = PBXBuildFile; fileRef = E364FFE11CCDE5A20070651A /* Result.framework */; };
		E364FFE71CCDEA040070651A /* UserViewControllerWithRAC.swift in Sources */ = {isa = PBXBuildFile; fileRef = E364FFE61CCDEA040070651A /* UserViewControllerWithRAC.swift */; };
		E364FFEB1CCDEA420070651A /* UserViewModelWithRAC.swift in Sources */ = {isa = PBXBuildFile; fileRef = E364FFEA1CCDEA420070651A /* UserViewModelWithRAC.swift */; };
		E3ADF60C1CCDCCFF008C0091 /* UserNameViewController.storyboard in Resources */ = {isa = PBXBuildFile; fileRef = E3ADF60B1CCDCCFF008C0091 /* UserNameViewController.storyboard */; };
		E3ADF60E1CCDCD30008C0091 /* UserNameViewController.swift in Sources */ = {isa = PBXBuildFile; fileRef = E3ADF60D1CCDCD30008C0091 /* UserNameViewController.swift */; };
		E3ADF6101CCDCD57008C0091 /* UserNameViewModel.swift in Sources */ = {isa = PBXBuildFile; fileRef = E3ADF60F1CCDCD57008C0091 /* UserNameViewModel.swift */; };
		E3CBEF831CCDED06006BCDDF /* UserViewControllerWithRAC.storyboard in Resources */ = {isa = PBXBuildFile; fileRef = E3CBEF821CCDED06006BCDDF /* UserViewControllerWithRAC.storyboard */; };
/* End PBXBuildFile section */

/* Begin PBXContainerItemProxy section */
		E331B85E1CCA092F001E9F0F /* PBXContainerItemProxy */ = {
			isa = PBXContainerItemProxy;
			containerPortal = E331B8411CCA092F001E9F0F /* Project object */;
			proxyType = 1;
			remoteGlobalIDString = E331B8481CCA092F001E9F0F;
			remoteInfo = MVVMBasicSample;
		};
		E331B8691CCA092F001E9F0F /* PBXContainerItemProxy */ = {
			isa = PBXContainerItemProxy;
			containerPortal = E331B8411CCA092F001E9F0F /* Project object */;
			proxyType = 1;
			remoteGlobalIDString = E331B8481CCA092F001E9F0F;
			remoteInfo = MVVMBasicSample;
		};
/* End PBXContainerItemProxy section */

/* Begin PBXFileReference section */
		E32446C81CCDB9C0005296E1 /* UsersTableViewCell.swift */ = {isa = PBXFileReference; fileEncoding = 4; lastKnownFileType = sourcecode.swift; path = UsersTableViewCell.swift; sourceTree = "<group>"; };
		E32446CA1CCDBF11005296E1 /* SamplesViewController.storyboard */ = {isa = PBXFileReference; fileEncoding = 4; lastKnownFileType = file.storyboard; path = SamplesViewController.storyboard; sourceTree = "<group>"; };
		E32446CC1CCDBF81005296E1 /* SamplesViewController.swift */ = {isa = PBXFileReference; fileEncoding = 4; lastKnownFileType = sourcecode.swift; path = SamplesViewController.swift; sourceTree = "<group>"; };
		E331B8491CCA092F001E9F0F /* MVVMBasicSample.app */ = {isa = PBXFileReference; explicitFileType = wrapper.application; includeInIndex = 0; path = MVVMBasicSample.app; sourceTree = BUILT_PRODUCTS_DIR; };
		E331B84C1CCA092F001E9F0F /* AppDelegate.swift */ = {isa = PBXFileReference; lastKnownFileType = sourcecode.swift; path = AppDelegate.swift; sourceTree = "<group>"; };
		E331B8511CCA092F001E9F0F /* Base */ = {isa = PBXFileReference; lastKnownFileType = file.storyboard; name = Base; path = Base.lproj/UserViewController.storyboard; sourceTree = "<group>"; };
		E331B8531CCA092F001E9F0F /* Assets.xcassets */ = {isa = PBXFileReference; lastKnownFileType = folder.assetcatalog; path = Assets.xcassets; sourceTree = "<group>"; };
		E331B8561CCA092F001E9F0F /* Base */ = {isa = PBXFileReference; lastKnownFileType = file.storyboard; name = Base; path = Base.lproj/LaunchScreen.storyboard; sourceTree = "<group>"; };
		E331B8581CCA092F001E9F0F /* Info.plist */ = {isa = PBXFileReference; lastKnownFileType = text.plist.xml; path = Info.plist; sourceTree = "<group>"; };
		E331B85D1CCA092F001E9F0F /* MVVMBasicSampleTests.xctest */ = {isa = PBXFileReference; explicitFileType = wrapper.cfbundle; includeInIndex = 0; path = MVVMBasicSampleTests.xctest; sourceTree = BUILT_PRODUCTS_DIR; };
		E331B8611CCA092F001E9F0F /* MVVMBasicSampleTests.swift */ = {isa = PBXFileReference; lastKnownFileType = sourcecode.swift; path = MVVMBasicSampleTests.swift; sourceTree = "<group>"; };
		E331B8631CCA092F001E9F0F /* Info.plist */ = {isa = PBXFileReference; lastKnownFileType = text.plist.xml; path = Info.plist; sourceTree = "<group>"; };
		E331B8681CCA092F001E9F0F /* MVVMBasicSampleUITests.xctest */ = {isa = PBXFileReference; explicitFileType = wrapper.cfbundle; includeInIndex = 0; path = MVVMBasicSampleUITests.xctest; sourceTree = BUILT_PRODUCTS_DIR; };
		E331B86C1CCA092F001E9F0F /* MVVMBasicSampleUITests.swift */ = {isa = PBXFileReference; lastKnownFileType = sourcecode.swift; path = MVVMBasicSampleUITests.swift; sourceTree = "<group>"; };
		E331B86E1CCA092F001E9F0F /* Info.plist */ = {isa = PBXFileReference; lastKnownFileType = text.plist.xml; path = Info.plist; sourceTree = "<group>"; };
		E331B87A1CCA0A21001E9F0F /* UserViewController.swift */ = {isa = PBXFileReference; fileEncoding = 4; lastKnownFileType = sourcecode.swift; path = UserViewController.swift; sourceTree = "<group>"; };
		E331B87C1CCA0AF4001E9F0F /* User.swift */ = {isa = PBXFileReference; fileEncoding = 4; lastKnownFileType = sourcecode.swift; path = User.swift; sourceTree = "<group>"; };
		E331B87E1CCA0AFC001E9F0F /* UserViewModel.swift */ = {isa = PBXFileReference; fileEncoding = 4; lastKnownFileType = sourcecode.swift; path = UserViewModel.swift; sourceTree = "<group>"; };
		E331B8851CCA1351001E9F0F /* UsersViewController.storyboard */ = {isa = PBXFileReference; fileEncoding = 4; lastKnownFileType = file.storyboard; path = UsersViewController.storyboard; sourceTree = "<group>"; };
		E331B8871CCA1381001E9F0F /* UsersViewController.swift */ = {isa = PBXFileReference; fileEncoding = 4; lastKnownFileType = sourcecode.swift; path = UsersViewController.swift; sourceTree = "<group>"; };
		E331B8891CCA1391001E9F0F /* UsersTableViewDataSource.swift */ = {isa = PBXFileReference; fileEncoding = 4; lastKnownFileType = sourcecode.swift; path = UsersTableViewDataSource.swift; sourceTree = "<group>"; };
		E331B88B1CCA13CD001E9F0F /* UsersTableCellModel.swift */ = {isa = PBXFileReference; fileEncoding = 4; lastKnownFileType = sourcecode.swift; path = UsersTableCellModel.swift; sourceTree = "<group>"; };
		E331B88D1CCA143B001E9F0F /* UsersViewModel.swift */ = {isa = PBXFileReference; fileEncoding = 4; lastKnownFileType = sourcecode.swift; path = UsersViewModel.swift; sourceTree = "<group>"; };
		E364FFDF1CCDE59F0070651A /* ReactiveCocoa.framework */ = {isa = PBXFileReference; lastKnownFileType = wrapper.framework; name = ReactiveCocoa.framework; path = Carthage/Build/iOS/ReactiveCocoa.framework; sourceTree = "<group>"; };
		E364FFE11CCDE5A20070651A /* Result.framework */ = {isa = PBXFileReference; lastKnownFileType = wrapper.framework; name = Result.framework; path = Carthage/Build/iOS/Result.framework; sourceTree = "<group>"; };
		E364FFE61CCDEA040070651A /* UserViewControllerWithRAC.swift */ = {isa = PBXFileReference; fileEncoding = 4; lastKnownFileType = sourcecode.swift; path = UserViewControllerWithRAC.swift; sourceTree = "<group>"; };
		E364FFEA1CCDEA420070651A /* UserViewModelWithRAC.swift */ = {isa = PBXFileReference; fileEncoding = 4; lastKnownFileType = sourcecode.swift; path = UserViewModelWithRAC.swift; sourceTree = "<group>"; };
		E3ADF60B1CCDCCFF008C0091 /* UserNameViewController.storyboard */ = {isa = PBXFileReference; fileEncoding = 4; lastKnownFileType = file.storyboard; path = UserNameViewController.storyboard; sourceTree = "<group>"; };
		E3ADF60D1CCDCD30008C0091 /* UserNameViewController.swift */ = {isa = PBXFileReference; fileEncoding = 4; lastKnownFileType = sourcecode.swift; path = UserNameViewController.swift; sourceTree = "<group>"; };
		E3ADF60F1CCDCD57008C0091 /* UserNameViewModel.swift */ = {isa = PBXFileReference; fileEncoding = 4; lastKnownFileType = sourcecode.swift; path = UserNameViewModel.swift; sourceTree = "<group>"; };
		E3CBEF821CCDED06006BCDDF /* UserViewControllerWithRAC.storyboard */ = {isa = PBXFileReference; fileEncoding = 4; lastKnownFileType = file.storyboard; path = UserViewControllerWithRAC.storyboard; sourceTree = "<group>"; };
/* End PBXFileReference section */

/* Begin PBXFrameworksBuildPhase section */
		E331B8461CCA092F001E9F0F /* Frameworks */ = {
			isa = PBXFrameworksBuildPhase;
			buildActionMask = 2147483647;
			files = (
				E364FFE01CCDE59F0070651A /* ReactiveCocoa.framework in Frameworks */,
				E364FFE21CCDE5A20070651A /* Result.framework in Frameworks */,
			);
			runOnlyForDeploymentPostprocessing = 0;
		};
		E331B85A1CCA092F001E9F0F /* Frameworks */ = {
			isa = PBXFrameworksBuildPhase;
			buildActionMask = 2147483647;
			files = (
			);
			runOnlyForDeploymentPostprocessing = 0;
		};
		E331B8651CCA092F001E9F0F /* Frameworks */ = {
			isa = PBXFrameworksBuildPhase;
			buildActionMask = 2147483647;
			files = (
			);
			runOnlyForDeploymentPostprocessing = 0;
		};
/* End PBXFrameworksBuildPhase section */

/* Begin PBXGroup section */
		E331B8401CCA092F001E9F0F = {
			isa = PBXGroup;
			children = (
				E364FFE41CCDE65F0070651A /* Frameworks */,
				E331B84B1CCA092F001E9F0F /* MVVMBasicSample */,
				E331B8601CCA092F001E9F0F /* MVVMBasicSampleTests */,
				E331B86B1CCA092F001E9F0F /* MVVMBasicSampleUITests */,
				E331B84A1CCA092F001E9F0F /* Products */,
			);
			sourceTree = "<group>";
		};
		E331B84A1CCA092F001E9F0F /* Products */ = {
			isa = PBXGroup;
			children = (
				E331B8491CCA092F001E9F0F /* MVVMBasicSample.app */,
				E331B85D1CCA092F001E9F0F /* MVVMBasicSampleTests.xctest */,
				E331B8681CCA092F001E9F0F /* MVVMBasicSampleUITests.xctest */,
			);
			name = Products;
			sourceTree = "<group>";
		};
		E331B84B1CCA092F001E9F0F /* MVVMBasicSample */ = {
			isa = PBXGroup;
			children = (
				E331B84C1CCA092F001E9F0F /* AppDelegate.swift */,
				E32446CA1CCDBF11005296E1 /* SamplesViewController.storyboard */,
				E32446CC1CCDBF81005296E1 /* SamplesViewController.swift */,
				E331B8831CCA1324001E9F0F /* Models */,
				E3ADF6081CCDCCC3008C0091 /* ViewWithoutMutableProperty */,
				E3ADF6051CCDC814008C0091 /* TableViewWithoutMutableProperty */,
				E3ADF6011CCDC7A9008C0091 /* ViewWithMutableProperty(Closure) */,
				E364FFE51CCDE67F0070651A /* ViewWithMutableProperty(RAC) */,
				E331B8531CCA092F001E9F0F /* Assets.xcassets */,
				E331B8551CCA092F001E9F0F /* LaunchScreen.storyboard */,
				E331B8581CCA092F001E9F0F /* Info.plist */,
			);
			path = MVVMBasicSample;
			sourceTree = "<group>";
		};
		E331B8601CCA092F001E9F0F /* MVVMBasicSampleTests */ = {
			isa = PBXGroup;
			children = (
				E331B8611CCA092F001E9F0F /* MVVMBasicSampleTests.swift */,
				E331B8631CCA092F001E9F0F /* Info.plist */,
			);
			path = MVVMBasicSampleTests;
			sourceTree = "<group>";
		};
		E331B86B1CCA092F001E9F0F /* MVVMBasicSampleUITests */ = {
			isa = PBXGroup;
			children = (
				E331B86C1CCA092F001E9F0F /* MVVMBasicSampleUITests.swift */,
				E331B86E1CCA092F001E9F0F /* Info.plist */,
			);
			path = MVVMBasicSampleUITests;
			sourceTree = "<group>";
		};
		E331B8831CCA1324001E9F0F /* Models */ = {
			isa = PBXGroup;
			children = (
				E331B87C1CCA0AF4001E9F0F /* User.swift */,
			);
			name = Models;
			sourceTree = "<group>";
		};
		E364FFE41CCDE65F0070651A /* Frameworks */ = {
			isa = PBXGroup;
			children = (
				E364FFE11CCDE5A20070651A /* Result.framework */,
				E364FFDF1CCDE59F0070651A /* ReactiveCocoa.framework */,
			);
			name = Frameworks;
			sourceTree = "<group>";
		};
		E364FFE51CCDE67F0070651A /* ViewWithMutableProperty(RAC) */ = {
			isa = PBXGroup;
			children = (
				E364FFE81CCDEA1F0070651A /* View */,
				E364FFE91CCDEA270070651A /* ViewModel */,
			);
			name = "ViewWithMutableProperty(RAC)";
			sourceTree = "<group>";
		};
		E364FFE81CCDEA1F0070651A /* View */ = {
			isa = PBXGroup;
			children = (
				E3CBEF821CCDED06006BCDDF /* UserViewControllerWithRAC.storyboard */,
				E364FFE61CCDEA040070651A /* UserViewControllerWithRAC.swift */,
			);
			name = View;
			sourceTree = "<group>";
		};
		E364FFE91CCDEA270070651A /* ViewModel */ = {
			isa = PBXGroup;
			children = (
				E364FFEA1CCDEA420070651A /* UserViewModelWithRAC.swift */,
			);
			name = ViewModel;
			sourceTree = "<group>";
		};
		E3ADF6011CCDC7A9008C0091 /* ViewWithMutableProperty(Closure) */ = {
			isa = PBXGroup;
			children = (
				E3ADF6021CCDC7CC008C0091 /* View */,
				E3ADF6031CCDC7D7008C0091 /* ViewModel */,
			);
			name = "ViewWithMutableProperty(Closure)";
			sourceTree = "<group>";
		};
		E3ADF6021CCDC7CC008C0091 /* View */ = {
			isa = PBXGroup;
			children = (
				E331B8501CCA092F001E9F0F /* UserViewController.storyboard */,
				E331B87A1CCA0A21001E9F0F /* UserViewController.swift */,
			);
			name = View;
			sourceTree = "<group>";
		};
		E3ADF6031CCDC7D7008C0091 /* ViewModel */ = {
			isa = PBXGroup;
			children = (
				E331B87E1CCA0AFC001E9F0F /* UserViewModel.swift */,
			);
			name = ViewModel;
			sourceTree = "<group>";
		};
		E3ADF6051CCDC814008C0091 /* TableViewWithoutMutableProperty */ = {
			isa = PBXGroup;
			children = (
				E3ADF6061CCDC82A008C0091 /* View */,
				E3ADF6071CCDC830008C0091 /* ViewModel */,
			);
			name = TableViewWithoutMutableProperty;
			sourceTree = "<group>";
		};
		E3ADF6061CCDC82A008C0091 /* View */ = {
			isa = PBXGroup;
			children = (
				E331B8851CCA1351001E9F0F /* UsersViewController.storyboard */,
				E331B8871CCA1381001E9F0F /* UsersViewController.swift */,
				E331B8891CCA1391001E9F0F /* UsersTableViewDataSource.swift */,
				E32446C81CCDB9C0005296E1 /* UsersTableViewCell.swift */,
			);
			name = View;
			sourceTree = "<group>";
		};
		E3ADF6071CCDC830008C0091 /* ViewModel */ = {
			isa = PBXGroup;
			children = (
				E331B88D1CCA143B001E9F0F /* UsersViewModel.swift */,
				E331B88B1CCA13CD001E9F0F /* UsersTableCellModel.swift */,
			);
			name = ViewModel;
			sourceTree = "<group>";
		};
		E3ADF6081CCDCCC3008C0091 /* ViewWithoutMutableProperty */ = {
			isa = PBXGroup;
			children = (
				E3ADF6091CCDCCDE008C0091 /* View */,
				E3ADF60A1CCDCCE4008C0091 /* ViewModel */,
			);
			name = ViewWithoutMutableProperty;
			sourceTree = "<group>";
		};
		E3ADF6091CCDCCDE008C0091 /* View */ = {
			isa = PBXGroup;
			children = (
				E3ADF60B1CCDCCFF008C0091 /* UserNameViewController.storyboard */,
				E3ADF60D1CCDCD30008C0091 /* UserNameViewController.swift */,
			);
			name = View;
			sourceTree = "<group>";
		};
		E3ADF60A1CCDCCE4008C0091 /* ViewModel */ = {
			isa = PBXGroup;
			children = (
				E3ADF60F1CCDCD57008C0091 /* UserNameViewModel.swift */,
			);
			name = ViewModel;
			sourceTree = "<group>";
		};
/* End PBXGroup section */

/* Begin PBXNativeTarget section */
		E331B8481CCA092F001E9F0F /* MVVMBasicSample */ = {
			isa = PBXNativeTarget;
			buildConfigurationList = E331B8711CCA092F001E9F0F /* Build configuration list for PBXNativeTarget "MVVMBasicSample" */;
			buildPhases = (
				E331B8451CCA092F001E9F0F /* Sources */,
				E331B8461CCA092F001E9F0F /* Frameworks */,
				E331B8471CCA092F001E9F0F /* Resources */,
				E364FFE31CCDE5A50070651A /* ShellScript */,
			);
			buildRules = (
			);
			dependencies = (
			);
			name = MVVMBasicSample;
			productName = MVVMBasicSample;
			productReference = E331B8491CCA092F001E9F0F /* MVVMBasicSample.app */;
			productType = "com.apple.product-type.application";
		};
		E331B85C1CCA092F001E9F0F /* MVVMBasicSampleTests */ = {
			isa = PBXNativeTarget;
			buildConfigurationList = E331B8741CCA092F001E9F0F /* Build configuration list for PBXNativeTarget "MVVMBasicSampleTests" */;
			buildPhases = (
				E331B8591CCA092F001E9F0F /* Sources */,
				E331B85A1CCA092F001E9F0F /* Frameworks */,
				E331B85B1CCA092F001E9F0F /* Resources */,
			);
			buildRules = (
			);
			dependencies = (
				E331B85F1CCA092F001E9F0F /* PBXTargetDependency */,
			);
			name = MVVMBasicSampleTests;
			productName = MVVMBasicSampleTests;
			productReference = E331B85D1CCA092F001E9F0F /* MVVMBasicSampleTests.xctest */;
			productType = "com.apple.product-type.bundle.unit-test";
		};
		E331B8671CCA092F001E9F0F /* MVVMBasicSampleUITests */ = {
			isa = PBXNativeTarget;
			buildConfigurationList = E331B8771CCA092F001E9F0F /* Build configuration list for PBXNativeTarget "MVVMBasicSampleUITests" */;
			buildPhases = (
				E331B8641CCA092F001E9F0F /* Sources */,
				E331B8651CCA092F001E9F0F /* Frameworks */,
				E331B8661CCA092F001E9F0F /* Resources */,
			);
			buildRules = (
			);
			dependencies = (
				E331B86A1CCA092F001E9F0F /* PBXTargetDependency */,
			);
			name = MVVMBasicSampleUITests;
			productName = MVVMBasicSampleUITests;
			productReference = E331B8681CCA092F001E9F0F /* MVVMBasicSampleUITests.xctest */;
			productType = "com.apple.product-type.bundle.ui-testing";
		};
/* End PBXNativeTarget section */

/* Begin PBXProject section */
		E331B8411CCA092F001E9F0F /* Project object */ = {
			isa = PBXProject;
			attributes = {
				LastSwiftUpdateCheck = 0730;
				LastUpgradeCheck = 0730;
				ORGANIZATIONNAME = "Ohako Inc";
				TargetAttributes = {
					E331B8481CCA092F001E9F0F = {
						CreatedOnToolsVersion = 7.3;
					};
					E331B85C1CCA092F001E9F0F = {
						CreatedOnToolsVersion = 7.3;
						TestTargetID = E331B8481CCA092F001E9F0F;
					};
					E331B8671CCA092F001E9F0F = {
						CreatedOnToolsVersion = 7.3;
						TestTargetID = E331B8481CCA092F001E9F0F;
					};
				};
			};
			buildConfigurationList = E331B8441CCA092F001E9F0F /* Build configuration list for PBXProject "MVVMBasicSample" */;
			compatibilityVersion = "Xcode 3.2";
			developmentRegion = English;
			hasScannedForEncodings = 0;
			knownRegions = (
				en,
				Base,
			);
			mainGroup = E331B8401CCA092F001E9F0F;
			productRefGroup = E331B84A1CCA092F001E9F0F /* Products */;
			projectDirPath = "";
			projectRoot = "";
			targets = (
				E331B8481CCA092F001E9F0F /* MVVMBasicSample */,
				E331B85C1CCA092F001E9F0F /* MVVMBasicSampleTests */,
				E331B8671CCA092F001E9F0F /* MVVMBasicSampleUITests */,
			);
		};
/* End PBXProject section */

/* Begin PBXResourcesBuildPhase section */
		E331B8471CCA092F001E9F0F /* Resources */ = {
			isa = PBXResourcesBuildPhase;
			buildActionMask = 2147483647;
			files = (
				E3CBEF831CCDED06006BCDDF /* UserViewControllerWithRAC.storyboard in Resources */,
				E32446CB1CCDBF11005296E1 /* SamplesViewController.storyboard in Resources */,
				E331B8571CCA092F001E9F0F /* LaunchScreen.storyboard in Resources */,
				E331B8541CCA092F001E9F0F /* Assets.xcassets in Resources */,
				E331B8861CCA1351001E9F0F /* UsersViewController.storyboard in Resources */,
				E3ADF60C1CCDCCFF008C0091 /* UserNameViewController.storyboard in Resources */,
				E331B8521CCA092F001E9F0F /* UserViewController.storyboard in Resources */,
			);
			runOnlyForDeploymentPostprocessing = 0;
		};
		E331B85B1CCA092F001E9F0F /* Resources */ = {
			isa = PBXResourcesBuildPhase;
			buildActionMask = 2147483647;
			files = (
			);
			runOnlyForDeploymentPostprocessing = 0;
		};
		E331B8661CCA092F001E9F0F /* Resources */ = {
			isa = PBXResourcesBuildPhase;
			buildActionMask = 2147483647;
			files = (
			);
			runOnlyForDeploymentPostprocessing = 0;
		};
/* End PBXResourcesBuildPhase section */

/* Begin PBXShellScriptBuildPhase section */
		E364FFE31CCDE5A50070651A /* ShellScript */ = {
			isa = PBXShellScriptBuildPhase;
			buildActionMask = 2147483647;
			files = (
			);
			inputPaths = (
				"$(SRCROOT)/Carthage/Build/iOS/Result.framework",
				"$(SRCROOT)/Carthage/Build/iOS/ReactiveCocoa.framework",
			);
			outputPaths = (
			);
			runOnlyForDeploymentPostprocessing = 0;
			shellPath = /bin/sh;
			shellScript = "/usr/local/bin/carthage copy-frameworks";
		};
/* End PBXShellScriptBuildPhase section */

/* Begin PBXSourcesBuildPhase section */
		E331B8451CCA092F001E9F0F /* Sources */ = {
			isa = PBXSourcesBuildPhase;
			buildActionMask = 2147483647;
			files = (
				E331B87B1CCA0A21001E9F0F /* UserViewController.swift in Sources */,
				E331B87F1CCA0AFC001E9F0F /* UserViewModel.swift in Sources */,
				E364FFE71CCDEA040070651A /* UserViewControllerWithRAC.swift in Sources */,
				E3ADF6101CCDCD57008C0091 /* UserNameViewModel.swift in Sources */,
				E3ADF60E1CCDCD30008C0091 /* UserNameViewController.swift in Sources */,
				E32446CD1CCDBF81005296E1 /* SamplesViewController.swift in Sources */,
				E331B8881CCA1381001E9F0F /* UsersViewController.swift in Sources */,
				E331B88A1CCA1391001E9F0F /* UsersTableViewDataSource.swift in Sources */,
				E364FFEB1CCDEA420070651A /* UserViewModelWithRAC.swift in Sources */,
				E331B88C1CCA13CD001E9F0F /* UsersTableCellModel.swift in Sources */,
				E331B88E1CCA143B001E9F0F /* UsersViewModel.swift in Sources */,
				E331B84D1CCA092F001E9F0F /* AppDelegate.swift in Sources */,
				E32446C91CCDB9C0005296E1 /* UsersTableViewCell.swift in Sources */,
				E331B87D1CCA0AF4001E9F0F /* User.swift in Sources */,
			);
			runOnlyForDeploymentPostprocessing = 0;
		};
		E331B8591CCA092F001E9F0F /* Sources */ = {
			isa = PBXSourcesBuildPhase;
			buildActionMask = 2147483647;
			files = (
				E331B8621CCA092F001E9F0F /* MVVMBasicSampleTests.swift in Sources */,
			);
			runOnlyForDeploymentPostprocessing = 0;
		};
		E331B8641CCA092F001E9F0F /* Sources */ = {
			isa = PBXSourcesBuildPhase;
			buildActionMask = 2147483647;
			files = (
				E331B86D1CCA092F001E9F0F /* MVVMBasicSampleUITests.swift in Sources */,
			);
			runOnlyForDeploymentPostprocessing = 0;
		};
/* End PBXSourcesBuildPhase section */

/* Begin PBXTargetDependency section */
		E331B85F1CCA092F001E9F0F /* PBXTargetDependency */ = {
			isa = PBXTargetDependency;
			target = E331B8481CCA092F001E9F0F /* MVVMBasicSample */;
			targetProxy = E331B85E1CCA092F001E9F0F /* PBXContainerItemProxy */;
		};
		E331B86A1CCA092F001E9F0F /* PBXTargetDependency */ = {
			isa = PBXTargetDependency;
			target = E331B8481CCA092F001E9F0F /* MVVMBasicSample */;
			targetProxy = E331B8691CCA092F001E9F0F /* PBXContainerItemProxy */;
		};
/* End PBXTargetDependency section */

/* Begin PBXVariantGroup section */
		E331B8501CCA092F001E9F0F /* UserViewController.storyboard */ = {
			isa = PBXVariantGroup;
			children = (
				E331B8511CCA092F001E9F0F /* Base */,
			);
			name = UserViewController.storyboard;
			sourceTree = "<group>";
		};
		E331B8551CCA092F001E9F0F /* LaunchScreen.storyboard */ = {
			isa = PBXVariantGroup;
			children = (
				E331B8561CCA092F001E9F0F /* Base */,
			);
			name = LaunchScreen.storyboard;
			sourceTree = "<group>";
		};
/* End PBXVariantGroup section */

/* Begin XCBuildConfiguration section */
		E331B86F1CCA092F001E9F0F /* Debug */ = {
			isa = XCBuildConfiguration;
			buildSettings = {
				ALWAYS_SEARCH_USER_PATHS = NO;
				CLANG_ANALYZER_NONNULL = YES;
				CLANG_CXX_LANGUAGE_STANDARD = "gnu++0x";
				CLANG_CXX_LIBRARY = "libc++";
				CLANG_ENABLE_MODULES = YES;
				CLANG_ENABLE_OBJC_ARC = YES;
				CLANG_WARN_BOOL_CONVERSION = YES;
				CLANG_WARN_CONSTANT_CONVERSION = YES;
				CLANG_WARN_DIRECT_OBJC_ISA_USAGE = YES_ERROR;
				CLANG_WARN_EMPTY_BODY = YES;
				CLANG_WARN_ENUM_CONVERSION = YES;
				CLANG_WARN_INT_CONVERSION = YES;
				CLANG_WARN_OBJC_ROOT_CLASS = YES_ERROR;
				CLANG_WARN_UNREACHABLE_CODE = YES;
				CLANG_WARN__DUPLICATE_METHOD_MATCH = YES;
				"CODE_SIGN_IDENTITY[sdk=iphoneos*]" = "iPhone Developer";
				COPY_PHASE_STRIP = NO;
				DEBUG_INFORMATION_FORMAT = dwarf;
				ENABLE_STRICT_OBJC_MSGSEND = YES;
				ENABLE_TESTABILITY = YES;
				GCC_C_LANGUAGE_STANDARD = gnu99;
				GCC_DYNAMIC_NO_PIC = NO;
				GCC_NO_COMMON_BLOCKS = YES;
				GCC_OPTIMIZATION_LEVEL = 0;
				GCC_PREPROCESSOR_DEFINITIONS = (
					"DEBUG=1",
					"$(inherited)",
				);
				GCC_WARN_64_TO_32_BIT_CONVERSION = YES;
				GCC_WARN_ABOUT_RETURN_TYPE = YES_ERROR;
				GCC_WARN_UNDECLARED_SELECTOR = YES;
				GCC_WARN_UNINITIALIZED_AUTOS = YES_AGGRESSIVE;
				GCC_WARN_UNUSED_FUNCTION = YES;
				GCC_WARN_UNUSED_VARIABLE = YES;
				IPHONEOS_DEPLOYMENT_TARGET = 9.3;
				MTL_ENABLE_DEBUG_INFO = YES;
				ONLY_ACTIVE_ARCH = YES;
				SDKROOT = iphoneos;
				SWIFT_OPTIMIZATION_LEVEL = "-Onone";
				TARGETED_DEVICE_FAMILY = "1,2";
			};
			name = Debug;
		};
		E331B8701CCA092F001E9F0F /* Release */ = {
			isa = XCBuildConfiguration;
			buildSettings = {
				ALWAYS_SEARCH_USER_PATHS = NO;
				CLANG_ANALYZER_NONNULL = YES;
				CLANG_CXX_LANGUAGE_STANDARD = "gnu++0x";
				CLANG_CXX_LIBRARY = "libc++";
				CLANG_ENABLE_MODULES = YES;
				CLANG_ENABLE_OBJC_ARC = YES;
				CLANG_WARN_BOOL_CONVERSION = YES;
				CLANG_WARN_CONSTANT_CONVERSION = YES;
				CLANG_WARN_DIRECT_OBJC_ISA_USAGE = YES_ERROR;
				CLANG_WARN_EMPTY_BODY = YES;
				CLANG_WARN_ENUM_CONVERSION = YES;
				CLANG_WARN_INT_CONVERSION = YES;
				CLANG_WARN_OBJC_ROOT_CLASS = YES_ERROR;
				CLANG_WARN_UNREACHABLE_CODE = YES;
				CLANG_WARN__DUPLICATE_METHOD_MATCH = YES;
				"CODE_SIGN_IDENTITY[sdk=iphoneos*]" = "iPhone Developer";
				COPY_PHASE_STRIP = NO;
				DEBUG_INFORMATION_FORMAT = "dwarf-with-dsym";
				ENABLE_NS_ASSERTIONS = NO;
				ENABLE_STRICT_OBJC_MSGSEND = YES;
				GCC_C_LANGUAGE_STANDARD = gnu99;
				GCC_NO_COMMON_BLOCKS = YES;
				GCC_WARN_64_TO_32_BIT_CONVERSION = YES;
				GCC_WARN_ABOUT_RETURN_TYPE = YES_ERROR;
				GCC_WARN_UNDECLARED_SELECTOR = YES;
				GCC_WARN_UNINITIALIZED_AUTOS = YES_AGGRESSIVE;
				GCC_WARN_UNUSED_FUNCTION = YES;
				GCC_WARN_UNUSED_VARIABLE = YES;
				IPHONEOS_DEPLOYMENT_TARGET = 9.3;
				MTL_ENABLE_DEBUG_INFO = NO;
				SDKROOT = iphoneos;
				TARGETED_DEVICE_FAMILY = "1,2";
				VALIDATE_PRODUCT = YES;
			};
			name = Release;
		};
		E331B8721CCA092F001E9F0F /* Debug */ = {
			isa = XCBuildConfiguration;
			buildSettings = {
				ASSETCATALOG_COMPILER_APPICON_NAME = AppIcon;
				FRAMEWORK_SEARCH_PATHS = (
					"$(inherited)",
					"$(PROJECT_DIR)/Carthage/Build/iOS",
				);
				INFOPLIST_FILE = MVVMBasicSample/Info.plist;
				LD_RUNPATH_SEARCH_PATHS = "$(inherited) @executable_path/Frameworks";
				PRODUCT_BUNDLE_IDENTIFIER = "jp.ohako-inc.MVVMBasicSample";
				PRODUCT_NAME = "$(TARGET_NAME)";
			};
			name = Debug;
		};
		E331B8731CCA092F001E9F0F /* Release */ = {
			isa = XCBuildConfiguration;
			buildSettings = {
				ASSETCATALOG_COMPILER_APPICON_NAME = AppIcon;
				FRAMEWORK_SEARCH_PATHS = (
					"$(inherited)",
					"$(PROJECT_DIR)/Carthage/Build/iOS",
				);
				INFOPLIST_FILE = MVVMBasicSample/Info.plist;
				LD_RUNPATH_SEARCH_PATHS = "$(inherited) @executable_path/Frameworks";
				PRODUCT_BUNDLE_IDENTIFIER = "jp.ohako-inc.MVVMBasicSample";
				PRODUCT_NAME = "$(TARGET_NAME)";
			};
			name = Release;
		};
		E331B8751CCA092F001E9F0F /* Debug */ = {
			isa = XCBuildConfiguration;
			buildSettings = {
				BUNDLE_LOADER = "$(TEST_HOST)";
				INFOPLIST_FILE = MVVMBasicSampleTests/Info.plist;
				LD_RUNPATH_SEARCH_PATHS = "$(inherited) @executable_path/Frameworks @loader_path/Frameworks";
				PRODUCT_BUNDLE_IDENTIFIER = "jp.ohako-inc.MVVMBasicSampleTests";
				PRODUCT_NAME = "$(TARGET_NAME)";
				TEST_HOST = "$(BUILT_PRODUCTS_DIR)/MVVMBasicSample.app/MVVMBasicSample";
			};
			name = Debug;
		};
		E331B8761CCA092F001E9F0F /* Release */ = {
			isa = XCBuildConfiguration;
			buildSettings = {
				BUNDLE_LOADER = "$(TEST_HOST)";
				INFOPLIST_FILE = MVVMBasicSampleTests/Info.plist;
				LD_RUNPATH_SEARCH_PATHS = "$(inherited) @executable_path/Frameworks @loader_path/Frameworks";
				PRODUCT_BUNDLE_IDENTIFIER = "jp.ohako-inc.MVVMBasicSampleTests";
				PRODUCT_NAME = "$(TARGET_NAME)";
				TEST_HOST = "$(BUILT_PRODUCTS_DIR)/MVVMBasicSample.app/MVVMBasicSample";
			};
			name = Release;
		};
		E331B8781CCA092F001E9F0F /* Debug */ = {
			isa = XCBuildConfiguration;
			buildSettings = {
				INFOPLIST_FILE = MVVMBasicSampleUITests/Info.plist;
				LD_RUNPATH_SEARCH_PATHS = "$(inherited) @executable_path/Frameworks @loader_path/Frameworks";
				PRODUCT_BUNDLE_IDENTIFIER = "jp.ohako-inc.MVVMBasicSampleUITests";
				PRODUCT_NAME = "$(TARGET_NAME)";
				TEST_TARGET_NAME = MVVMBasicSample;
			};
			name = Debug;
		};
		E331B8791CCA092F001E9F0F /* Release */ = {
			isa = XCBuildConfiguration;
			buildSettings = {
				INFOPLIST_FILE = MVVMBasicSampleUITests/Info.plist;
				LD_RUNPATH_SEARCH_PATHS = "$(inherited) @executable_path/Frameworks @loader_path/Frameworks";
				PRODUCT_BUNDLE_IDENTIFIER = "jp.ohako-inc.MVVMBasicSampleUITests";
				PRODUCT_NAME = "$(TARGET_NAME)";
				TEST_TARGET_NAME = MVVMBasicSample;
			};
			name = Release;
		};
/* End XCBuildConfiguration section */

/* Begin XCConfigurationList section */
		E331B8441CCA092F001E9F0F /* Build configuration list for PBXProject "MVVMBasicSample" */ = {
			isa = XCConfigurationList;
			buildConfigurations = (
				E331B86F1CCA092F001E9F0F /* Debug */,
				E331B8701CCA092F001E9F0F /* Release */,
			);
			defaultConfigurationIsVisible = 0;
			defaultConfigurationName = Release;
		};
		E331B8711CCA092F001E9F0F /* Build configuration list for PBXNativeTarget "MVVMBasicSample" */ = {
			isa = XCConfigurationList;
			buildConfigurations = (
				E331B8721CCA092F001E9F0F /* Debug */,
				E331B8731CCA092F001E9F0F /* Release */,
			);
			defaultConfigurationIsVisible = 0;
			defaultConfigurationName = Release;
		};
		E331B8741CCA092F001E9F0F /* Build configuration list for PBXNativeTarget "MVVMBasicSampleTests" */ = {
			isa = XCConfigurationList;
			buildConfigurations = (
				E331B8751CCA092F001E9F0F /* Debug */,
				E331B8761CCA092F001E9F0F /* Release */,
			);
			defaultConfigurationIsVisible = 0;
			defaultConfigurationName = Release;
		};
		E331B8771CCA092F001E9F0F /* Build configuration list for PBXNativeTarget "MVVMBasicSampleUITests" */ = {
			isa = XCConfigurationList;
			buildConfigurations = (
				E331B8781CCA092F001E9F0F /* Debug */,
				E331B8791CCA092F001E9F0F /* Release */,
			);
			defaultConfigurationIsVisible = 0;
			defaultConfigurationName = Release;
		};
/* End XCConfigurationList section */
	};
	rootObject = E331B8411CCA092F001E9F0F /* Project object */;
}
